
Microsoft Visual Studio Solution File, Format Version 12.00
# Visual Studio Version 17
VisualStudioVersion = 17.7.34031.279
MinimumVisualStudioVersion = 10.0.40219.1
Project("{FAE04EC0-301F-11D3-BF4B-00C04F79EFBC}") = "FinaleSignalR-Client", "FinaleSignalR-Client\FinaleSignalR-Client.csproj", "{975D76C8-C59E-419A-A6FA-904597CD567A}"
EndProject
Global
	GlobalSection(SolutionConfigurationPlatforms) = preSolution
		Debug|Any CPU = Debug|Any CPU
		Release|Any CPU = Release|Any CPU
	EndGlobalSection
	GlobalSection(ProjectConfigurationPlatforms) = postSolution
		{975D76C8-C59E-419A-A6FA-904597CD567A}.Debug|Any CPU.ActiveCfg = Debug|Any CPU
		{975D76C8-C59E-419A-A6FA-904597CD567A}.Debug|Any CPU.Build.0 = Debug|Any CPU
		{975D76C8-C59E-419A-A6FA-904597CD567A}.Release|Any CPU.ActiveCfg = Release|Any CPU
		{975D76C8-C59E-419A-A6FA-904597CD567A}.Release|Any CPU.Build.0 = Release|Any CPU
	EndGlobalSection
	GlobalSection(SolutionProperties) = preSolution
		HideSolutionNode = FALSE
	EndGlobalSection
	GlobalSection(ExtensibilityGlobals) = postSolution
		SolutionGuid = {C875C834-0850-4D81-B635-2FAC65126CA6}
	EndGlobalSection
EndGlobal
